
Microsoft Visual Studio Solution File, Format Version 12.00
# Visual Studio Version 16
VisualStudioVersion = 16.0.30711.63
MinimumVisualStudioVersion = 10.0.40219.1
Project("{FAE04EC0-301F-11D3-BF4B-00C04F79EFBC}") = "Ativ19", "Ativ19\Ativ19.csproj", "{C3547EC1-9646-42F3-9347-AF455C2985C0}"
EndProject
Global
	GlobalSection(SolutionConfigurationPlatforms) = preSolution
		Debug|Any CPU = Debug|Any CPU
		Release|Any CPU = Release|Any CPU
	EndGlobalSection
	GlobalSection(ProjectConfigurationPlatforms) = postSolution
		{C3547EC1-9646-42F3-9347-AF455C2985C0}.Debug|Any CPU.ActiveCfg = Debug|Any CPU
		{C3547EC1-9646-42F3-9347-AF455C2985C0}.Debug|Any CPU.Build.0 = Debug|Any CPU
		{C3547EC1-9646-42F3-9347-AF455C2985C0}.Release|Any CPU.ActiveCfg = Release|Any CPU
		{C3547EC1-9646-42F3-9347-AF455C2985C0}.Release|Any CPU.Build.0 = Release|Any CPU
	EndGlobalSection
	GlobalSection(SolutionProperties) = preSolution
		HideSolutionNode = FALSE
	EndGlobalSection
	GlobalSection(ExtensibilityGlobals) = postSolution
		SolutionGuid = {1103576C-A43C-4FEF-B3D3-5AB2CAF74B33}
	EndGlobalSection
EndGlobal
